// !$*UTF8*$!
{
	archiveVersion = 1;
	classes = {
	};
	objectVersion = 77;
	objects = {

/* Begin PBXBuildFile section */
		5014B65F2E067B72003CCF1A /* ContentView.swift in Sources */ = {isa = PBXBuildFile; fileRef = 5014B65C2E067B72003CCF1A /* ContentView.swift */; };
		5014B6702E068F3E003CCF1A /* SQLite in Frameworks */ = {isa = PBXBuildFile; productRef = 5014B66F2E068F3E003CCF1A /* SQLite */; };
		5014B6722E069FE1003CCF1A /* ChatStorage.swift in Sources */ = {isa = PBXBuildFile; fileRef = 5014B6712E069FD6003CCF1A /* ChatStorage.swift */; };
		5030C4C82E092A93002FA399 /* ChatView.swift in Sources */ = {isa = PBXBuildFile; fileRef = 5030C4C72E092A8E002FA399 /* ChatView.swift */; };
		5030C4CA2E092AAF002FA399 /* SettingsView.swift in Sources */ = {isa = PBXBuildFile; fileRef = 5030C4C92E092AAC002FA399 /* SettingsView.swift */; };
		5030C4CC2E092AC8002FA399 /* AboutView.swift in Sources */ = {isa = PBXBuildFile; fileRef = 5030C4CB2E092AC6002FA399 /* AboutView.swift */; };
		5057A00B2E203B1800E53545 /* providers.json in Resources */ = {isa = PBXBuildFile; fileRef = 5057A00A2E203AF700E53545 /* providers.json */; };
		508B2CE62E0B164600294DD6 /* ChatUtils.swift in Sources */ = {isa = PBXBuildFile; fileRef = 508B2CE52E0B163F00294DD6 /* ChatUtils.swift */; };
		508B2CE82E0B172600294DD6 /* ProviderConfig.swift in Sources */ = {isa = PBXBuildFile; fileRef = 508B2CE72E0B170800294DD6 /* ProviderConfig.swift */; };
		508B2CEA2E0B1B1200294DD6 /* Models.swift in Sources */ = {isa = PBXBuildFile; fileRef = 508B2CE92E0B1B0C00294DD6 /* Models.swift */; };
		50A0E6862E0A8DCC004FCE1C /* AIProviderRegistry.swift in Sources */ = {isa = PBXBuildFile; fileRef = 50A0E6852E0A8DAD004FCE1C /* AIProviderRegistry.swift */; };
/* End PBXBuildFile section */

/* Begin PBXFileReference section */
		5014B65C2E067B72003CCF1A /* ContentView.swift */ = {isa = PBXFileReference; lastKnownFileType = sourcecode.swift; path = ContentView.swift; sourceTree = "<group>"; };
		5014B66A2E067E73003CCF1A /* Chat.swift */ = {isa = PBXFileReference; lastKnownFileType = sourcecode.swift; path = Chat.swift; sourceTree = "<group>"; };
		5014B66B2E067E82003CCF1A /* Message.swift */ = {isa = PBXFileReference; lastKnownFileType = sourcecode.swift; path = Message.swift; sourceTree = "<group>"; };
		5014B6712E069FD6003CCF1A /* ChatStorage.swift */ = {isa = PBXFileReference; lastKnownFileType = sourcecode.swift; path = ChatStorage.swift; sourceTree = "<group>"; };
		5030C4C72E092A8E002FA399 /* ChatView.swift */ = {isa = PBXFileReference; lastKnownFileType = sourcecode.swift; path = ChatView.swift; sourceTree = "<group>"; };
		5030C4C92E092AAC002FA399 /* SettingsView.swift */ = {isa = PBXFileReference; lastKnownFileType = sourcecode.swift; path = SettingsView.swift; sourceTree = "<group>"; };
		5030C4CB2E092AC6002FA399 /* AboutView.swift */ = {isa = PBXFileReference; lastKnownFileType = sourcecode.swift; path = AboutView.swift; sourceTree = "<group>"; };
		504DD81C2E054358006D5586 /* miniGPTdesktop.app */ = {isa = PBXFileReference; explicitFileType = wrapper.application; includeInIndex = 0; path = miniGPTdesktop.app; sourceTree = BUILT_PRODUCTS_DIR; };
		5057A00A2E203AF700E53545 /* providers.json */ = {isa = PBXFileReference; lastKnownFileType = text.json; path = providers.json; sourceTree = "<group>"; };
		508B2CE52E0B163F00294DD6 /* ChatUtils.swift */ = {isa = PBXFileReference; lastKnownFileType = sourcecode.swift; path = ChatUtils.swift; sourceTree = "<group>"; };
		508B2CE72E0B170800294DD6 /* ProviderConfig.swift */ = {isa = PBXFileReference; lastKnownFileType = sourcecode.swift; path = ProviderConfig.swift; sourceTree = "<group>"; };
		508B2CE92E0B1B0C00294DD6 /* Models.swift */ = {isa = PBXFileReference; lastKnownFileType = sourcecode.swift; path = Models.swift; sourceTree = "<group>"; };
		50A0E6842E0A8C43004FCE1C /* AIProvider.swift */ = {isa = PBXFileReference; lastKnownFileType = sourcecode.swift; path = AIProvider.swift; sourceTree = "<group>"; };
		50A0E6852E0A8DAD004FCE1C /* AIProviderRegistry.swift */ = {isa = PBXFileReference; lastKnownFileType = sourcecode.swift; path = AIProviderRegistry.swift; sourceTree = "<group>"; };
/* End PBXFileReference section */

/* Begin PBXFileSystemSynchronizedRootGroup section */
		504DD81E2E054358006D5586 /* miniGPTdesktop */ = {
			isa = PBXFileSystemSynchronizedRootGroup;
			path = miniGPTdesktop;
			sourceTree = "<group>";
		};
/* End PBXFileSystemSynchronizedRootGroup section */

/* Begin PBXFrameworksBuildPhase section */
		504DD8192E054358006D5586 /* Frameworks */ = {
			isa = PBXFrameworksBuildPhase;
			buildActionMask = 2147483647;
			files = (
				5014B6702E068F3E003CCF1A /* SQLite in Frameworks */,
			);
			runOnlyForDeploymentPostprocessing = 0;
		};
/* End PBXFrameworksBuildPhase section */

/* Begin PBXGroup section */
		5014B6662E067E40003CCF1A /* Models */ = {
			isa = PBXGroup;
			children = (
				508B2CE92E0B1B0C00294DD6 /* Models.swift */,
				508B2CE72E0B170800294DD6 /* ProviderConfig.swift */,
				50A0E6852E0A8DAD004FCE1C /* AIProviderRegistry.swift */,
				50A0E6842E0A8C43004FCE1C /* AIProvider.swift */,
				5014B66B2E067E82003CCF1A /* Message.swift */,
				5014B66A2E067E73003CCF1A /* Chat.swift */,
			);
			path = Models;
			sourceTree = "<group>";
		};
		5014B6672E067E4E003CCF1A /* Views */ = {
			isa = PBXGroup;
			children = (
				5030C4CB2E092AC6002FA399 /* AboutView.swift */,
				5030C4C92E092AAC002FA399 /* SettingsView.swift */,
				5030C4C72E092A8E002FA399 /* ChatView.swift */,
				5014B65C2E067B72003CCF1A /* ContentView.swift */,
			);
			path = Views;
			sourceTree = "<group>";
		};
		5014B6682E067E5A003CCF1A /* Persistence */ = {
			isa = PBXGroup;
			children = (
				5014B6712E069FD6003CCF1A /* ChatStorage.swift */,
			);
			path = Persistence;
			sourceTree = "<group>";
		};
		5014B6692E067E62003CCF1A /* App */ = {
			isa = PBXGroup;
			children = (
			);
			path = App;
			sourceTree = "<group>";
		};
		504DD8132E054358006D5586 = {
			isa = PBXGroup;
			children = (
				5057A0092E203AE100E53545 /* Resources */,
				508B2CE42E0B163800294DD6 /* Utils */,
				5014B6692E067E62003CCF1A /* App */,
				5014B6682E067E5A003CCF1A /* Persistence */,
				5014B6672E067E4E003CCF1A /* Views */,
				5014B6662E067E40003CCF1A /* Models */,
				504DD81E2E054358006D5586 /* miniGPTdesktop */,
				504DD81D2E054358006D5586 /* Products */,
			);
			sourceTree = "<group>";
		};
		504DD81D2E054358006D5586 /* Products */ = {
			isa = PBXGroup;
			children = (
				504DD81C2E054358006D5586 /* miniGPTdesktop.app */,
			);
			name = Products;
			sourceTree = "<group>";
		};
		5057A0092E203AE100E53545 /* Resources */ = {
			isa = PBXGroup;
			children = (
				5057A00A2E203AF700E53545 /* providers.json */,
			);
			path = Resources;
			sourceTree = "<group>";
		};
		508B2CE42E0B163800294DD6 /* Utils */ = {
			isa = PBXGroup;
			children = (
				508B2CE52E0B163F00294DD6 /* ChatUtils.swift */,
			);
			path = Utils;
			sourceTree = "<group>";
		};
/* End PBXGroup section */

/* Begin PBXNativeTarget section */
		504DD81B2E054358006D5586 /* miniGPTdesktop */ = {
			isa = PBXNativeTarget;
			buildConfigurationList = 504DD82B2E054359006D5586 /* Build configuration list for PBXNativeTarget "miniGPTdesktop" */;
			buildPhases = (
				504DD8182E054358006D5586 /* Sources */,
				504DD8192E054358006D5586 /* Frameworks */,
				504DD81A2E054358006D5586 /* Resources */,
			);
			buildRules = (
			);
			dependencies = (
			);
			fileSystemSynchronizedGroups = (
				504DD81E2E054358006D5586 /* miniGPTdesktop */,
			);
			name = miniGPTdesktop;
			packageProductDependencies = (
				5014B66F2E068F3E003CCF1A /* SQLite */,
			);
			productName = miniGPTdesktop;
			productReference = 504DD81C2E054358006D5586 /* miniGPTdesktop.app */;
			productType = "com.apple.product-type.application";
		};
/* End PBXNativeTarget section */

/* Begin PBXProject section */
		504DD8142E054358006D5586 /* Project object */ = {
			isa = PBXProject;
			attributes = {
				BuildIndependentTargetsInParallel = 1;
				LastSwiftUpdateCheck = 1620;
				LastUpgradeCheck = 1620;
				TargetAttributes = {
					504DD81B2E054358006D5586 = {
						CreatedOnToolsVersion = 16.2;
					};
				};
			};
			buildConfigurationList = 504DD8172E054358006D5586 /* Build configuration list for PBXProject "miniGPTdesktop" */;
			developmentRegion = en;
			hasScannedForEncodings = 0;
			knownRegions = (
				en,
				Base,
			);
			mainGroup = 504DD8132E054358006D5586;
			minimizedProjectReferenceProxies = 1;
			packageReferences = (
				5014B66E2E068F3E003CCF1A /* XCRemoteSwiftPackageReference "SQLite" */,
			);
			preferredProjectObjectVersion = 77;
			productRefGroup = 504DD81D2E054358006D5586 /* Products */;
			projectDirPath = "";
			projectRoot = "";
			targets = (
				504DD81B2E054358006D5586 /* miniGPTdesktop */,
			);
		};
/* End PBXProject section */

/* Begin PBXResourcesBuildPhase section */
		504DD81A2E054358006D5586 /* Resources */ = {
			isa = PBXResourcesBuildPhase;
			buildActionMask = 2147483647;
			files = (
				5057A00B2E203B1800E53545 /* providers.json in Resources */,
			);
			runOnlyForDeploymentPostprocessing = 0;
		};
/* End PBXResourcesBuildPhase section */

/* Begin PBXSourcesBuildPhase section */
		504DD8182E054358006D5586 /* Sources */ = {
			isa = PBXSourcesBuildPhase;
			buildActionMask = 2147483647;
			files = (
				5030C4CA2E092AAF002FA399 /* SettingsView.swift in Sources */,
				5030C4C82E092A93002FA399 /* ChatView.swift in Sources */,
				508B2CE62E0B164600294DD6 /* ChatUtils.swift in Sources */,
				50A0E6862E0A8DCC004FCE1C /* AIProviderRegistry.swift in Sources */,
				5014B65F2E067B72003CCF1A /* ContentView.swift in Sources */,
				508B2CE82E0B172600294DD6 /* ProviderConfig.swift in Sources */,
				5030C4CC2E092AC8002FA399 /* AboutView.swift in Sources */,
				5014B6722E069FE1003CCF1A /* ChatStorage.swift in Sources */,
				508B2CEA2E0B1B1200294DD6 /* Models.swift in Sources */,
			);
			runOnlyForDeploymentPostprocessing = 0;
		};
/* End PBXSourcesBuildPhase section */

/* Begin XCBuildConfiguration section */
		504DD8292E054359006D5586 /* Debug */ = {
			isa = XCBuildConfiguration;
			buildSettings = {
				ALWAYS_SEARCH_USER_PATHS = NO;
				ASSETCATALOG_COMPILER_GENERATE_SWIFT_ASSET_SYMBOL_EXTENSIONS = YES;
				CLANG_ANALYZER_NONNULL = YES;
				CLANG_ANALYZER_NUMBER_OBJECT_CONVERSION = YES_AGGRESSIVE;
				CLANG_CXX_LANGUAGE_STANDARD = "gnu++20";
				CLANG_ENABLE_MODULES = YES;
				CLANG_ENABLE_OBJC_ARC = YES;
				CLANG_ENABLE_OBJC_WEAK = YES;
				CLANG_WARN_BLOCK_CAPTURE_AUTORELEASING = YES;
				CLANG_WARN_BOOL_CONVERSION = YES;
				CLANG_WARN_COMMA = YES;
				CLANG_WARN_CONSTANT_CONVERSION = YES;
				CLANG_WARN_DEPRECATED_OBJC_IMPLEMENTATIONS = YES;
				CLANG_WARN_DIRECT_OBJC_ISA_USAGE = YES_ERROR;
				CLANG_WARN_DOCUMENTATION_COMMENTS = YES;
				CLANG_WARN_EMPTY_BODY = YES;
				CLANG_WARN_ENUM_CONVERSION = YES;
				CLANG_WARN_INFINITE_RECURSION = YES;
				CLANG_WARN_INT_CONVERSION = YES;
				CLANG_WARN_NON_LITERAL_NULL_CONVERSION = YES;
				CLANG_WARN_OBJC_IMPLICIT_RETAIN_SELF = YES;
				CLANG_WARN_OBJC_LITERAL_CONVERSION = YES;
				CLANG_WARN_OBJC_ROOT_CLASS = YES_ERROR;
				CLANG_WARN_QUOTED_INCLUDE_IN_FRAMEWORK_HEADER = YES;
				CLANG_WARN_RANGE_LOOP_ANALYSIS = YES;
				CLANG_WARN_STRICT_PROTOTYPES = YES;
				CLANG_WARN_SUSPICIOUS_MOVE = YES;
				CLANG_WARN_UNGUARDED_AVAILABILITY = YES_AGGRESSIVE;
				CLANG_WARN_UNREACHABLE_CODE = YES;
				CLANG_WARN__DUPLICATE_METHOD_MATCH = YES;
				COPY_PHASE_STRIP = NO;
				DEBUG_INFORMATION_FORMAT = dwarf;
				ENABLE_STRICT_OBJC_MSGSEND = YES;
				ENABLE_TESTABILITY = YES;
				ENABLE_USER_SCRIPT_SANDBOXING = YES;
				GCC_C_LANGUAGE_STANDARD = gnu17;
				GCC_DYNAMIC_NO_PIC = NO;
				GCC_NO_COMMON_BLOCKS = YES;
				GCC_OPTIMIZATION_LEVEL = 0;
				GCC_PREPROCESSOR_DEFINITIONS = (
					"DEBUG=1",
					"$(inherited)",
				);
				GCC_WARN_64_TO_32_BIT_CONVERSION = YES;
				GCC_WARN_ABOUT_RETURN_TYPE = YES_ERROR;
				GCC_WARN_UNDECLARED_SELECTOR = YES;
				GCC_WARN_UNINITIALIZED_AUTOS = YES_AGGRESSIVE;
				GCC_WARN_UNUSED_FUNCTION = YES;
				GCC_WARN_UNUSED_VARIABLE = YES;
				LOCALIZATION_PREFERS_STRING_CATALOGS = YES;
				MACOSX_DEPLOYMENT_TARGET = 14.7;
				MTL_ENABLE_DEBUG_INFO = INCLUDE_SOURCE;
				MTL_FAST_MATH = YES;
				ONLY_ACTIVE_ARCH = YES;
				SDKROOT = macosx;
				SWIFT_ACTIVE_COMPILATION_CONDITIONS = "DEBUG $(inherited)";
				SWIFT_OPTIMIZATION_LEVEL = "-Onone";
			};
			name = Debug;
		};
		504DD82A2E054359006D5586 /* Release */ = {
			isa = XCBuildConfiguration;
			buildSettings = {
				ALWAYS_SEARCH_USER_PATHS = NO;
				ASSETCATALOG_COMPILER_GENERATE_SWIFT_ASSET_SYMBOL_EXTENSIONS = YES;
				CLANG_ANALYZER_NONNULL = YES;
				CLANG_ANALYZER_NUMBER_OBJECT_CONVERSION = YES_AGGRESSIVE;
				CLANG_CXX_LANGUAGE_STANDARD = "gnu++20";
				CLANG_ENABLE_MODULES = YES;
				CLANG_ENABLE_OBJC_ARC = YES;
				CLANG_ENABLE_OBJC_WEAK = YES;
				CLANG_WARN_BLOCK_CAPTURE_AUTORELEASING = YES;
				CLANG_WARN_BOOL_CONVERSION = YES;
				CLANG_WARN_COMMA = YES;
				CLANG_WARN_CONSTANT_CONVERSION = YES;
				CLANG_WARN_DEPRECATED_OBJC_IMPLEMENTATIONS = YES;
				CLANG_WARN_DIRECT_OBJC_ISA_USAGE = YES_ERROR;
				CLANG_WARN_DOCUMENTATION_COMMENTS = YES;
				CLANG_WARN_EMPTY_BODY = YES;
				CLANG_WARN_ENUM_CONVERSION = YES;
				CLANG_WARN_INFINITE_RECURSION = YES;
				CLANG_WARN_INT_CONVERSION = YES;
				CLANG_WARN_NON_LITERAL_NULL_CONVERSION = YES;
				CLANG_WARN_OBJC_IMPLICIT_RETAIN_SELF = YES;
				CLANG_WARN_OBJC_LITERAL_CONVERSION = YES;
				CLANG_WARN_OBJC_ROOT_CLASS = YES_ERROR;
				CLANG_WARN_QUOTED_INCLUDE_IN_FRAMEWORK_HEADER = YES;
				CLANG_WARN_RANGE_LOOP_ANALYSIS = YES;
				CLANG_WARN_STRICT_PROTOTYPES = YES;
				CLANG_WARN_SUSPICIOUS_MOVE = YES;
				CLANG_WARN_UNGUARDED_AVAILABILITY = YES_AGGRESSIVE;
				CLANG_WARN_UNREACHABLE_CODE = YES;
				CLANG_WARN__DUPLICATE_METHOD_MATCH = YES;
				COPY_PHASE_STRIP = NO;
				DEBUG_INFORMATION_FORMAT = "dwarf-with-dsym";
				ENABLE_NS_ASSERTIONS = NO;
				ENABLE_STRICT_OBJC_MSGSEND = YES;
				ENABLE_USER_SCRIPT_SANDBOXING = YES;
				GCC_C_LANGUAGE_STANDARD = gnu17;
				GCC_NO_COMMON_BLOCKS = YES;
				GCC_WARN_64_TO_32_BIT_CONVERSION = YES;
				GCC_WARN_ABOUT_RETURN_TYPE = YES_ERROR;
				GCC_WARN_UNDECLARED_SELECTOR = YES;
				GCC_WARN_UNINITIALIZED_AUTOS = YES_AGGRESSIVE;
				GCC_WARN_UNUSED_FUNCTION = YES;
				GCC_WARN_UNUSED_VARIABLE = YES;
				LOCALIZATION_PREFERS_STRING_CATALOGS = YES;
				MACOSX_DEPLOYMENT_TARGET = 14.7;
				MTL_ENABLE_DEBUG_INFO = NO;
				MTL_FAST_MATH = YES;
				SDKROOT = macosx;
				SWIFT_COMPILATION_MODE = wholemodule;
			};
			name = Release;
		};
		504DD82C2E054359006D5586 /* Debug */ = {
			isa = XCBuildConfiguration;
			buildSettings = {
				ASSETCATALOG_COMPILER_APPICON_NAME = AppIcon;
				ASSETCATALOG_COMPILER_GLOBAL_ACCENT_COLOR_NAME = AccentColor;
				CODE_SIGN_ENTITLEMENTS = miniGPTdesktop/miniGPTdesktop.entitlements;
				CODE_SIGN_STYLE = Automatic;
				COMBINE_HIDPI_IMAGES = YES;
				CURRENT_PROJECT_VERSION = 1;
				DEVELOPMENT_ASSET_PATHS = "\"miniGPTdesktop/Preview Content\"";
				ENABLE_PREVIEWS = YES;
				GENERATE_INFOPLIST_FILE = YES;
				INFOPLIST_KEY_NSHumanReadableCopyright = "";
				LD_RUNPATH_SEARCH_PATHS = (
					"$(inherited)",
					"@executable_path/../Frameworks",
				);
				MARKETING_VERSION = 1.0;
				PRODUCT_BUNDLE_IDENTIFIER = khtulhu.miniGPTdesktop;
				PRODUCT_NAME = "$(TARGET_NAME)";
				SWIFT_EMIT_LOC_STRINGS = YES;
				SWIFT_VERSION = 5.0;
			};
			name = Debug;
		};
		504DD82D2E054359006D5586 /* Release */ = {
			isa = XCBuildConfiguration;
			buildSettings = {
				ASSETCATALOG_COMPILER_APPICON_NAME = AppIcon;
				ASSETCATALOG_COMPILER_GLOBAL_ACCENT_COLOR_NAME = AccentColor;
				CODE_SIGN_ENTITLEMENTS = miniGPTdesktop/miniGPTdesktop.entitlements;
				CODE_SIGN_STYLE = Automatic;
				COMBINE_HIDPI_IMAGES = YES;
				CURRENT_PROJECT_VERSION = 1;
				DEVELOPMENT_ASSET_PATHS = "\"miniGPTdesktop/Preview Content\"";
				ENABLE_PREVIEWS = YES;
				GENERATE_INFOPLIST_FILE = YES;
				INFOPLIST_KEY_NSHumanReadableCopyright = "";
				LD_RUNPATH_SEARCH_PATHS = (
					"$(inherited)",
					"@executable_path/../Frameworks",
				);
				MARKETING_VERSION = 1.0;
				PRODUCT_BUNDLE_IDENTIFIER = khtulhu.miniGPTdesktop;
				PRODUCT_NAME = "$(TARGET_NAME)";
				SWIFT_EMIT_LOC_STRINGS = YES;
				SWIFT_VERSION = 5.0;
			};
			name = Release;
		};
/* End XCBuildConfiguration section */

/* Begin XCConfigurationList section */
		504DD8172E054358006D5586 /* Build configuration list for PBXProject "miniGPTdesktop" */ = {
			isa = XCConfigurationList;
			buildConfigurations = (
				504DD8292E054359006D5586 /* Debug */,
				504DD82A2E054359006D5586 /* Release */,
			);
			defaultConfigurationIsVisible = 0;
			defaultConfigurationName = Release;
		};
		504DD82B2E054359006D5586 /* Build configuration list for PBXNativeTarget "miniGPTdesktop" */ = {
			isa = XCConfigurationList;
			buildConfigurations = (
				504DD82C2E054359006D5586 /* Debug */,
				504DD82D2E054359006D5586 /* Release */,
			);
			defaultConfigurationIsVisible = 0;
			defaultConfigurationName = Release;
		};
/* End XCConfigurationList section */

/* Begin XCRemoteSwiftPackageReference section */
		5014B66E2E068F3E003CCF1A /* XCRemoteSwiftPackageReference "SQLite" */ = {
			isa = XCRemoteSwiftPackageReference;
			repositoryURL = "https://github.com/stephencelis/SQLite.swift";
			requirement = {
				kind = upToNextMajorVersion;
				minimumVersion = 0.15.4;
			};
		};
/* End XCRemoteSwiftPackageReference section */

/* Begin XCSwiftPackageProductDependency section */
		5014B66F2E068F3E003CCF1A /* SQLite */ = {
			isa = XCSwiftPackageProductDependency;
			package = 5014B66E2E068F3E003CCF1A /* XCRemoteSwiftPackageReference "SQLite" */;
			productName = SQLite;
		};
/* End XCSwiftPackageProductDependency section */
	};
	rootObject = 504DD8142E054358006D5586 /* Project object */;
}
